// !$*UTF8*$!
{
	archiveVersion = 1;
	classes = {
	};
	objectVersion = 56;
	objects = {

/* Begin PBXBuildFile section */
		39509EAD29F5665F008E3318 /* AppDelegate.swift in Sources */ = {isa = PBXBuildFile; fileRef = 39509EAC29F5665F008E3318 /* AppDelegate.swift */; };
		39509EAF29F5665F008E3318 /* GameScene.sks in Resources */ = {isa = PBXBuildFile; fileRef = 39509EAE29F5665F008E3318 /* GameScene.sks */; };
		39509EB129F5665F008E3318 /* Actions.sks in Resources */ = {isa = PBXBuildFile; fileRef = 39509EB029F5665F008E3318 /* Actions.sks */; };
		39509EB329F5665F008E3318 /* GameController.swift in Sources */ = {isa = PBXBuildFile; fileRef = 39509EB229F5665F008E3318 /* GameController.swift */; };
		39509EB529F5665F008E3318 /* GameViewController.swift in Sources */ = {isa = PBXBuildFile; fileRef = 39509EB429F5665F008E3318 /* GameViewController.swift */; };
		39509EB829F5665F008E3318 /* Main.storyboard in Resources */ = {isa = PBXBuildFile; fileRef = 39509EB629F5665F008E3318 /* Main.storyboard */; };
		39509EBA29F5665F008E3318 /* Assets.xcassets in Resources */ = {isa = PBXBuildFile; fileRef = 39509EB929F5665F008E3318 /* Assets.xcassets */; };
		39509EBD29F5665F008E3318 /* LaunchScreen.storyboard in Resources */ = {isa = PBXBuildFile; fileRef = 39509EBB29F5665F008E3318 /* LaunchScreen.storyboard */; };
		39EDFF402A0B8EE40064FAB0 /* LandingController.swift in Sources */ = {isa = PBXBuildFile; fileRef = 39EDFF3F2A0B8EE40064FAB0 /* LandingController.swift */; };
		39EDFF422A0B8F010064FAB0 /* LandingScene.sks in Resources */ = {isa = PBXBuildFile; fileRef = 39EDFF412A0B8F010064FAB0 /* LandingScene.sks */; };
		39EDFF442A0B8F470064FAB0 /* PlayScene.sks in Resources */ = {isa = PBXBuildFile; fileRef = 39EDFF432A0B8F470064FAB0 /* PlayScene.sks */; };
		39EDFF462A0B8F540064FAB0 /* PlayController.swift in Sources */ = {isa = PBXBuildFile; fileRef = 39EDFF452A0B8F540064FAB0 /* PlayController.swift */; };
		39EDFF482A0B8F800064FAB0 /* StartingStageController.swift in Sources */ = {isa = PBXBuildFile; fileRef = 39EDFF472A0B8F800064FAB0 /* StartingStageController.swift */; };
		39EDFF4A2A0B8F9B0064FAB0 /* StageController.swift in Sources */ = {isa = PBXBuildFile; fileRef = 39EDFF492A0B8F9B0064FAB0 /* StageController.swift */; };
		39EDFF4C2A0B8FA60064FAB0 /* FinishController.swift in Sources */ = {isa = PBXBuildFile; fileRef = 39EDFF4B2A0B8FA60064FAB0 /* FinishController.swift */; };
		39EDFF4E2A0B8FC10064FAB0 /* StartingStageScene.sks in Resources */ = {isa = PBXBuildFile; fileRef = 39EDFF4D2A0B8FC10064FAB0 /* StartingStageScene.sks */; };
		39EDFF502A0B8FD90064FAB0 /* StageScene.sks in Resources */ = {isa = PBXBuildFile; fileRef = 39EDFF4F2A0B8FD90064FAB0 /* StageScene.sks */; };
		39EDFF522A0B8FEA0064FAB0 /* FinishScene.sks in Resources */ = {isa = PBXBuildFile; fileRef = 39EDFF512A0B8FEA0064FAB0 /* FinishScene.sks */; };
		39EDFF542A0B90180064FAB0 /* AchievementController.swift in Sources */ = {isa = PBXBuildFile; fileRef = 39EDFF532A0B90180064FAB0 /* AchievementController.swift */; };
		39EDFF562A0B90430064FAB0 /* SettingController.swift in Sources */ = {isa = PBXBuildFile; fileRef = 39EDFF552A0B90430064FAB0 /* SettingController.swift */; };
		39EDFF582A0B90AB0064FAB0 /* AchievementScene.sks in Resources */ = {isa = PBXBuildFile; fileRef = 39EDFF572A0B90AB0064FAB0 /* AchievementScene.sks */; };
		39EDFF5A2A0B90C30064FAB0 /* SettingScene.sks in Resources */ = {isa = PBXBuildFile; fileRef = 39EDFF592A0B90C30064FAB0 /* SettingScene.sks */; };
/* End PBXBuildFile section */

/* Begin PBXFileReference section */
		39509EA929F5665F008E3318 /* Thesis.app */ = {isa = PBXFileReference; explicitFileType = wrapper.application; includeInIndex = 0; path = Thesis.app; sourceTree = BUILT_PRODUCTS_DIR; };
		39509EAC29F5665F008E3318 /* AppDelegate.swift */ = {isa = PBXFileReference; lastKnownFileType = sourcecode.swift; path = AppDelegate.swift; sourceTree = "<group>"; };
		39509EAE29F5665F008E3318 /* GameScene.sks */ = {isa = PBXFileReference; lastKnownFileType = file.sks; path = GameScene.sks; sourceTree = "<group>"; };
		39509EB029F5665F008E3318 /* Actions.sks */ = {isa = PBXFileReference; lastKnownFileType = file.sks; path = Actions.sks; sourceTree = "<group>"; };
		39509EB229F5665F008E3318 /* GameController.swift */ = {isa = PBXFileReference; lastKnownFileType = sourcecode.swift; path = GameController.swift; sourceTree = "<group>"; };
		39509EB429F5665F008E3318 /* GameViewController.swift */ = {isa = PBXFileReference; lastKnownFileType = sourcecode.swift; path = GameViewController.swift; sourceTree = "<group>"; };
		39509EB729F5665F008E3318 /* Base */ = {isa = PBXFileReference; lastKnownFileType = file.storyboard; name = Base; path = Base.lproj/Main.storyboard; sourceTree = "<group>"; };
		39509EB929F5665F008E3318 /* Assets.xcassets */ = {isa = PBXFileReference; lastKnownFileType = folder.assetcatalog; path = Assets.xcassets; sourceTree = "<group>"; };
		39509EBC29F5665F008E3318 /* Base */ = {isa = PBXFileReference; lastKnownFileType = file.storyboard; name = Base; path = Base.lproj/LaunchScreen.storyboard; sourceTree = "<group>"; };
		39EDFF3F2A0B8EE40064FAB0 /* LandingController.swift */ = {isa = PBXFileReference; lastKnownFileType = sourcecode.swift; path = LandingController.swift; sourceTree = "<group>"; };
		39EDFF412A0B8F010064FAB0 /* LandingScene.sks */ = {isa = PBXFileReference; lastKnownFileType = file.sks; path = LandingScene.sks; sourceTree = "<group>"; };
		39EDFF432A0B8F470064FAB0 /* PlayScene.sks */ = {isa = PBXFileReference; lastKnownFileType = file.sks; path = PlayScene.sks; sourceTree = "<group>"; };
		39EDFF452A0B8F540064FAB0 /* PlayController.swift */ = {isa = PBXFileReference; lastKnownFileType = sourcecode.swift; path = PlayController.swift; sourceTree = "<group>"; };
		39EDFF472A0B8F800064FAB0 /* StartingStageController.swift */ = {isa = PBXFileReference; lastKnownFileType = sourcecode.swift; path = StartingStageController.swift; sourceTree = "<group>"; };
		39EDFF492A0B8F9B0064FAB0 /* StageController.swift */ = {isa = PBXFileReference; lastKnownFileType = sourcecode.swift; path = StageController.swift; sourceTree = "<group>"; };
		39EDFF4B2A0B8FA60064FAB0 /* FinishController.swift */ = {isa = PBXFileReference; lastKnownFileType = sourcecode.swift; path = FinishController.swift; sourceTree = "<group>"; };
		39EDFF4D2A0B8FC10064FAB0 /* StartingStageScene.sks */ = {isa = PBXFileReference; lastKnownFileType = file.sks; path = StartingStageScene.sks; sourceTree = "<group>"; };
		39EDFF4F2A0B8FD90064FAB0 /* StageScene.sks */ = {isa = PBXFileReference; lastKnownFileType = file.sks; path = StageScene.sks; sourceTree = "<group>"; };
		39EDFF512A0B8FEA0064FAB0 /* FinishScene.sks */ = {isa = PBXFileReference; lastKnownFileType = file.sks; path = FinishScene.sks; sourceTree = "<group>"; };
		39EDFF532A0B90180064FAB0 /* AchievementController.swift */ = {isa = PBXFileReference; lastKnownFileType = sourcecode.swift; path = AchievementController.swift; sourceTree = "<group>"; };
		39EDFF552A0B90430064FAB0 /* SettingController.swift */ = {isa = PBXFileReference; lastKnownFileType = sourcecode.swift; path = SettingController.swift; sourceTree = "<group>"; };
		39EDFF572A0B90AB0064FAB0 /* AchievementScene.sks */ = {isa = PBXFileReference; lastKnownFileType = file.sks; path = AchievementScene.sks; sourceTree = "<group>"; };
		39EDFF592A0B90C30064FAB0 /* SettingScene.sks */ = {isa = PBXFileReference; lastKnownFileType = file.sks; path = SettingScene.sks; sourceTree = "<group>"; };
/* End PBXFileReference section */

/* Begin PBXFrameworksBuildPhase section */
		39509EA629F5665F008E3318 /* Frameworks */ = {
			isa = PBXFrameworksBuildPhase;
			buildActionMask = 2147483647;
			files = (
			);
			runOnlyForDeploymentPostprocessing = 0;
		};
/* End PBXFrameworksBuildPhase section */

/* Begin PBXGroup section */
		39509EA029F5665F008E3318 = {
			isa = PBXGroup;
			children = (
				39509EAB29F5665F008E3318 /* Thesis */,
				39509EAA29F5665F008E3318 /* Products */,
			);
			sourceTree = "<group>";
		};
		39509EAA29F5665F008E3318 /* Products */ = {
			isa = PBXGroup;
			children = (
				39509EA929F5665F008E3318 /* Thesis.app */,
			);
			name = Products;
			sourceTree = "<group>";
		};
		39509EAB29F5665F008E3318 /* Thesis */ = {
			isa = PBXGroup;
			children = (
				39EDFF382A0B8B3A0064FAB0 /* Controller */,
				39EDFF3A2A0B8B8D0064FAB0 /* Model */,
				39EDFF392A0B8B5E0064FAB0 /* Scene */,
				39509EAC29F5665F008E3318 /* AppDelegate.swift */,
				39509EB029F5665F008E3318 /* Actions.sks */,
				39509EB629F5665F008E3318 /* Main.storyboard */,
				39509EB929F5665F008E3318 /* Assets.xcassets */,
				39509EBB29F5665F008E3318 /* LaunchScreen.storyboard */,
			);
			path = Thesis;
			sourceTree = "<group>";
		};
		39EDFF382A0B8B3A0064FAB0 /* Controller */ = {
			isa = PBXGroup;
			children = (
				39509EB429F5665F008E3318 /* GameViewController.swift */,
				39EDFF532A0B90180064FAB0 /* AchievementController.swift */,
				39EDFF4B2A0B8FA60064FAB0 /* FinishController.swift */,
				39509EB229F5665F008E3318 /* GameController.swift */,
				39EDFF3F2A0B8EE40064FAB0 /* LandingController.swift */,
				39EDFF452A0B8F540064FAB0 /* PlayController.swift */,
				39EDFF552A0B90430064FAB0 /* SettingController.swift */,
				39EDFF492A0B8F9B0064FAB0 /* StageController.swift */,
				39EDFF472A0B8F800064FAB0 /* StartingStageController.swift */,
			);
			path = Controller;
			sourceTree = "<group>";
		};
		39EDFF392A0B8B5E0064FAB0 /* Scene */ = {
			isa = PBXGroup;
			children = (
				39EDFF572A0B90AB0064FAB0 /* AchievementScene.sks */,
				39EDFF512A0B8FEA0064FAB0 /* FinishScene.sks */,
				39509EAE29F5665F008E3318 /* GameScene.sks */,
				39EDFF412A0B8F010064FAB0 /* LandingScene.sks */,
				39EDFF432A0B8F470064FAB0 /* PlayScene.sks */,
				39EDFF592A0B90C30064FAB0 /* SettingScene.sks */,
				39EDFF4F2A0B8FD90064FAB0 /* StageScene.sks */,
				39EDFF4D2A0B8FC10064FAB0 /* StartingStageScene.sks */,
			);
			path = Scene;
			sourceTree = "<group>";
		};
		39EDFF3A2A0B8B8D0064FAB0 /* Model */ = {
			isa = PBXGroup;
			children = (
			);
			path = Model;
			sourceTree = "<group>";
		};
/* End PBXGroup section */

/* Begin PBXNativeTarget section */
		39509EA829F5665F008E3318 /* Thesis */ = {
			isa = PBXNativeTarget;
			buildConfigurationList = 39509EC029F5665F008E3318 /* Build configuration list for PBXNativeTarget "Thesis" */;
			buildPhases = (
				39509EA529F5665F008E3318 /* Sources */,
				39509EA629F5665F008E3318 /* Frameworks */,
				39509EA729F5665F008E3318 /* Resources */,
			);
			buildRules = (
			);
			dependencies = (
			);
			name = Thesis;
			productName = Thesis;
			productReference = 39509EA929F5665F008E3318 /* Thesis.app */;
			productType = "com.apple.product-type.application";
		};
/* End PBXNativeTarget section */

/* Begin PBXProject section */
		39509EA129F5665F008E3318 /* Project object */ = {
			isa = PBXProject;
			attributes = {
				BuildIndependentTargetsInParallel = 1;
				LastSwiftUpdateCheck = 1400;
				LastUpgradeCheck = 1400;
				TargetAttributes = {
					39509EA829F5665F008E3318 = {
						CreatedOnToolsVersion = 14.0.1;
					};
				};
			};
			buildConfigurationList = 39509EA429F5665F008E3318 /* Build configuration list for PBXProject "Thesis" */;
			compatibilityVersion = "Xcode 14.0";
			developmentRegion = en;
			hasScannedForEncodings = 0;
			knownRegions = (
				en,
				Base,
			);
			mainGroup = 39509EA029F5665F008E3318;
			productRefGroup = 39509EAA29F5665F008E3318 /* Products */;
			projectDirPath = "";
			projectRoot = "";
			targets = (
				39509EA829F5665F008E3318 /* Thesis */,
			);
		};
/* End PBXProject section */

/* Begin PBXResourcesBuildPhase section */
		39509EA729F5665F008E3318 /* Resources */ = {
			isa = PBXResourcesBuildPhase;
			buildActionMask = 2147483647;
			files = (
				39EDFF442A0B8F470064FAB0 /* PlayScene.sks in Resources */,
				39EDFF522A0B8FEA0064FAB0 /* FinishScene.sks in Resources */,
				39EDFF4E2A0B8FC10064FAB0 /* StartingStageScene.sks in Resources */,
				39509EB829F5665F008E3318 /* Main.storyboard in Resources */,
				39EDFF422A0B8F010064FAB0 /* LandingScene.sks in Resources */,
				39509EAF29F5665F008E3318 /* GameScene.sks in Resources */,
				39EDFF5A2A0B90C30064FAB0 /* SettingScene.sks in Resources */,
				39EDFF582A0B90AB0064FAB0 /* AchievementScene.sks in Resources */,
				39509EBA29F5665F008E3318 /* Assets.xcassets in Resources */,
				39509EBD29F5665F008E3318 /* LaunchScreen.storyboard in Resources */,
				39509EB129F5665F008E3318 /* Actions.sks in Resources */,
				39EDFF502A0B8FD90064FAB0 /* StageScene.sks in Resources */,
			);
			runOnlyForDeploymentPostprocessing = 0;
		};
/* End PBXResourcesBuildPhase section */

/* Begin PBXSourcesBuildPhase section */
		39509EA529F5665F008E3318 /* Sources */ = {
			isa = PBXSourcesBuildPhase;
			buildActionMask = 2147483647;
			files = (
				39EDFF4C2A0B8FA60064FAB0 /* FinishController.swift in Sources */,
				39EDFF4A2A0B8F9B0064FAB0 /* StageController.swift in Sources */,
				39509EB329F5665F008E3318 /* GameController.swift in Sources */,
				39EDFF462A0B8F540064FAB0 /* PlayController.swift in Sources */,
				39EDFF542A0B90180064FAB0 /* AchievementController.swift in Sources */,
				39509EB529F5665F008E3318 /* GameViewController.swift in Sources */,
				39509EAD29F5665F008E3318 /* AppDelegate.swift in Sources */,
				39EDFF402A0B8EE40064FAB0 /* LandingController.swift in Sources */,
				39EDFF562A0B90430064FAB0 /* SettingController.swift in Sources */,
				39EDFF482A0B8F800064FAB0 /* StartingStageController.swift in Sources */,
			);
			runOnlyForDeploymentPostprocessing = 0;
		};
/* End PBXSourcesBuildPhase section */

/* Begin PBXVariantGroup section */
		39509EB629F5665F008E3318 /* Main.storyboard */ = {
			isa = PBXVariantGroup;
			children = (
				39509EB729F5665F008E3318 /* Base */,
			);
			name = Main.storyboard;
			sourceTree = "<group>";
		};
		39509EBB29F5665F008E3318 /* LaunchScreen.storyboard */ = {
			isa = PBXVariantGroup;
			children = (
				39509EBC29F5665F008E3318 /* Base */,
			);
			name = LaunchScreen.storyboard;
			sourceTree = "<group>";
		};
/* End PBXVariantGroup section */

/* Begin XCBuildConfiguration section */
		39509EBE29F5665F008E3318 /* Debug */ = {
			isa = XCBuildConfiguration;
			buildSettings = {
				ALWAYS_SEARCH_USER_PATHS = NO;
				CLANG_ANALYZER_NONNULL = YES;
				CLANG_ANALYZER_NUMBER_OBJECT_CONVERSION = YES_AGGRESSIVE;
				CLANG_CXX_LANGUAGE_STANDARD = "gnu++20";
				CLANG_ENABLE_MODULES = YES;
				CLANG_ENABLE_OBJC_ARC = YES;
				CLANG_ENABLE_OBJC_WEAK = YES;
				CLANG_WARN_BLOCK_CAPTURE_AUTORELEASING = YES;
				CLANG_WARN_BOOL_CONVERSION = YES;
				CLANG_WARN_COMMA = YES;
				CLANG_WARN_CONSTANT_CONVERSION = YES;
				CLANG_WARN_DEPRECATED_OBJC_IMPLEMENTATIONS = YES;
				CLANG_WARN_DIRECT_OBJC_ISA_USAGE = YES_ERROR;
				CLANG_WARN_DOCUMENTATION_COMMENTS = YES;
				CLANG_WARN_EMPTY_BODY = YES;
				CLANG_WARN_ENUM_CONVERSION = YES;
				CLANG_WARN_INFINITE_RECURSION = YES;
				CLANG_WARN_INT_CONVERSION = YES;
				CLANG_WARN_NON_LITERAL_NULL_CONVERSION = YES;
				CLANG_WARN_OBJC_IMPLICIT_RETAIN_SELF = YES;
				CLANG_WARN_OBJC_LITERAL_CONVERSION = YES;
				CLANG_WARN_OBJC_ROOT_CLASS = YES_ERROR;
				CLANG_WARN_QUOTED_INCLUDE_IN_FRAMEWORK_HEADER = YES;
				CLANG_WARN_RANGE_LOOP_ANALYSIS = YES;
				CLANG_WARN_STRICT_PROTOTYPES = YES;
				CLANG_WARN_SUSPICIOUS_MOVE = YES;
				CLANG_WARN_UNGUARDED_AVAILABILITY = YES_AGGRESSIVE;
				CLANG_WARN_UNREACHABLE_CODE = YES;
				CLANG_WARN__DUPLICATE_METHOD_MATCH = YES;
				COPY_PHASE_STRIP = NO;
				DEBUG_INFORMATION_FORMAT = dwarf;
				ENABLE_STRICT_OBJC_MSGSEND = YES;
				ENABLE_TESTABILITY = YES;
				GCC_C_LANGUAGE_STANDARD = gnu11;
				GCC_DYNAMIC_NO_PIC = NO;
				GCC_NO_COMMON_BLOCKS = YES;
				GCC_OPTIMIZATION_LEVEL = 0;
				GCC_PREPROCESSOR_DEFINITIONS = (
					"DEBUG=1",
					"$(inherited)",
				);
				GCC_WARN_64_TO_32_BIT_CONVERSION = YES;
				GCC_WARN_ABOUT_RETURN_TYPE = YES_ERROR;
				GCC_WARN_UNDECLARED_SELECTOR = YES;
				GCC_WARN_UNINITIALIZED_AUTOS = YES_AGGRESSIVE;
				GCC_WARN_UNUSED_FUNCTION = YES;
				GCC_WARN_UNUSED_VARIABLE = YES;
				IPHONEOS_DEPLOYMENT_TARGET = 16.0;
				MTL_ENABLE_DEBUG_INFO = INCLUDE_SOURCE;
				MTL_FAST_MATH = YES;
				ONLY_ACTIVE_ARCH = YES;
				SDKROOT = iphoneos;
				SWIFT_ACTIVE_COMPILATION_CONDITIONS = DEBUG;
				SWIFT_OPTIMIZATION_LEVEL = "-Onone";
			};
			name = Debug;
		};
		39509EBF29F5665F008E3318 /* Release */ = {
			isa = XCBuildConfiguration;
			buildSettings = {
				ALWAYS_SEARCH_USER_PATHS = NO;
				CLANG_ANALYZER_NONNULL = YES;
				CLANG_ANALYZER_NUMBER_OBJECT_CONVERSION = YES_AGGRESSIVE;
				CLANG_CXX_LANGUAGE_STANDARD = "gnu++20";
				CLANG_ENABLE_MODULES = YES;
				CLANG_ENABLE_OBJC_ARC = YES;
				CLANG_ENABLE_OBJC_WEAK = YES;
				CLANG_WARN_BLOCK_CAPTURE_AUTORELEASING = YES;
				CLANG_WARN_BOOL_CONVERSION = YES;
				CLANG_WARN_COMMA = YES;
				CLANG_WARN_CONSTANT_CONVERSION = YES;
				CLANG_WARN_DEPRECATED_OBJC_IMPLEMENTATIONS = YES;
				CLANG_WARN_DIRECT_OBJC_ISA_USAGE = YES_ERROR;
				CLANG_WARN_DOCUMENTATION_COMMENTS = YES;
				CLANG_WARN_EMPTY_BODY = YES;
				CLANG_WARN_ENUM_CONVERSION = YES;
				CLANG_WARN_INFINITE_RECURSION = YES;
				CLANG_WARN_INT_CONVERSION = YES;
				CLANG_WARN_NON_LITERAL_NULL_CONVERSION = YES;
				CLANG_WARN_OBJC_IMPLICIT_RETAIN_SELF = YES;
				CLANG_WARN_OBJC_LITERAL_CONVERSION = YES;
				CLANG_WARN_OBJC_ROOT_CLASS = YES_ERROR;
				CLANG_WARN_QUOTED_INCLUDE_IN_FRAMEWORK_HEADER = YES;
				CLANG_WARN_RANGE_LOOP_ANALYSIS = YES;
				CLANG_WARN_STRICT_PROTOTYPES = YES;
				CLANG_WARN_SUSPICIOUS_MOVE = YES;
				CLANG_WARN_UNGUARDED_AVAILABILITY = YES_AGGRESSIVE;
				CLANG_WARN_UNREACHABLE_CODE = YES;
				CLANG_WARN__DUPLICATE_METHOD_MATCH = YES;
				COPY_PHASE_STRIP = NO;
				DEBUG_INFORMATION_FORMAT = "dwarf-with-dsym";
				ENABLE_NS_ASSERTIONS = NO;
				ENABLE_STRICT_OBJC_MSGSEND = YES;
				GCC_C_LANGUAGE_STANDARD = gnu11;
				GCC_NO_COMMON_BLOCKS = YES;
				GCC_WARN_64_TO_32_BIT_CONVERSION = YES;
				GCC_WARN_ABOUT_RETURN_TYPE = YES_ERROR;
				GCC_WARN_UNDECLARED_SELECTOR = YES;
				GCC_WARN_UNINITIALIZED_AUTOS = YES_AGGRESSIVE;
				GCC_WARN_UNUSED_FUNCTION = YES;
				GCC_WARN_UNUSED_VARIABLE = YES;
				IPHONEOS_DEPLOYMENT_TARGET = 16.0;
				MTL_ENABLE_DEBUG_INFO = NO;
				MTL_FAST_MATH = YES;
				SDKROOT = iphoneos;
				SWIFT_COMPILATION_MODE = wholemodule;
				SWIFT_OPTIMIZATION_LEVEL = "-O";
				VALIDATE_PRODUCT = YES;
			};
			name = Release;
		};
		39509EC129F5665F008E3318 /* Debug */ = {
			isa = XCBuildConfiguration;
			buildSettings = {
				ASSETCATALOG_COMPILER_APPICON_NAME = AppIcon;
				ASSETCATALOG_COMPILER_GLOBAL_ACCENT_COLOR_NAME = AccentColor;
				CODE_SIGN_STYLE = Automatic;
				CURRENT_PROJECT_VERSION = 1;
				DEVELOPMENT_TEAM = W6UMVQ97QR;
				GENERATE_INFOPLIST_FILE = YES;
				INFOPLIST_KEY_UIApplicationSupportsIndirectInputEvents = YES;
				INFOPLIST_KEY_UILaunchStoryboardName = LaunchScreen;
				INFOPLIST_KEY_UIMainStoryboardFile = Main;
				INFOPLIST_KEY_UIStatusBarHidden = YES;
				INFOPLIST_KEY_UISupportedInterfaceOrientations_iPad = "UIInterfaceOrientationPortrait UIInterfaceOrientationPortraitUpsideDown UIInterfaceOrientationLandscapeLeft UIInterfaceOrientationLandscapeRight";
				INFOPLIST_KEY_UISupportedInterfaceOrientations_iPhone = "UIInterfaceOrientationPortrait UIInterfaceOrientationLandscapeLeft UIInterfaceOrientationLandscapeRight";
				LD_RUNPATH_SEARCH_PATHS = (
					"$(inherited)",
					"@executable_path/Frameworks",
				);
				MARKETING_VERSION = 1.0;
				PRODUCT_BUNDLE_IDENTIFIER = makroni.Thesis;
				PRODUCT_NAME = "$(TARGET_NAME)";
				SWIFT_EMIT_LOC_STRINGS = YES;
				SWIFT_VERSION = 5.0;
				TARGETED_DEVICE_FAMILY = "1,2";
			};
			name = Debug;
		};
		39509EC229F5665F008E3318 /* Release */ = {
			isa = XCBuildConfiguration;
			buildSettings = {
				ASSETCATALOG_COMPILER_APPICON_NAME = AppIcon;
				ASSETCATALOG_COMPILER_GLOBAL_ACCENT_COLOR_NAME = AccentColor;
				CODE_SIGN_STYLE = Automatic;
				CURRENT_PROJECT_VERSION = 1;
				DEVELOPMENT_TEAM = W6UMVQ97QR;
				GENERATE_INFOPLIST_FILE = YES;
				INFOPLIST_KEY_UIApplicationSupportsIndirectInputEvents = YES;
				INFOPLIST_KEY_UILaunchStoryboardName = LaunchScreen;
				INFOPLIST_KEY_UIMainStoryboardFile = Main;
				INFOPLIST_KEY_UIStatusBarHidden = YES;
				INFOPLIST_KEY_UISupportedInterfaceOrientations_iPad = "UIInterfaceOrientationPortrait UIInterfaceOrientationPortraitUpsideDown UIInterfaceOrientationLandscapeLeft UIInterfaceOrientationLandscapeRight";
				INFOPLIST_KEY_UISupportedInterfaceOrientations_iPhone = "UIInterfaceOrientationPortrait UIInterfaceOrientationLandscapeLeft UIInterfaceOrientationLandscapeRight";
				LD_RUNPATH_SEARCH_PATHS = (
					"$(inherited)",
					"@executable_path/Frameworks",
				);
				MARKETING_VERSION = 1.0;
				PRODUCT_BUNDLE_IDENTIFIER = makroni.Thesis;
				PRODUCT_NAME = "$(TARGET_NAME)";
				SWIFT_EMIT_LOC_STRINGS = YES;
				SWIFT_VERSION = 5.0;
				TARGETED_DEVICE_FAMILY = "1,2";
			};
			name = Release;
		};
/* End XCBuildConfiguration section */

/* Begin XCConfigurationList section */
		39509EA429F5665F008E3318 /* Build configuration list for PBXProject "Thesis" */ = {
			isa = XCConfigurationList;
			buildConfigurations = (
				39509EBE29F5665F008E3318 /* Debug */,
				39509EBF29F5665F008E3318 /* Release */,
			);
			defaultConfigurationIsVisible = 0;
			defaultConfigurationName = Release;
		};
		39509EC029F5665F008E3318 /* Build configuration list for PBXNativeTarget "Thesis" */ = {
			isa = XCConfigurationList;
			buildConfigurations = (
				39509EC129F5665F008E3318 /* Debug */,
				39509EC229F5665F008E3318 /* Release */,
			);
			defaultConfigurationIsVisible = 0;
			defaultConfigurationName = Release;
		};
/* End XCConfigurationList section */
	};
	rootObject = 39509EA129F5665F008E3318 /* Project object */;
}
